
Microsoft Visual Studio Solution File, Format Version 12.00
# Visual Studio 2013
VisualStudioVersion = 12.0.21005.1
MinimumVisualStudioVersion = 10.0.40219.1
Project("{2150E333-8FDC-42A3-9474-1A3956D46DE8}") = "-", "-", "{E0525FC8-42C4-4D63-9605-2A7BF6442424}"
	ProjectSection(SolutionItems) = preProject
		.nuget\packages.config = .nuget\packages.config
	EndProjectSection
EndProject
Project("{FAE04EC0-301F-11D3-BF4B-00C04F79EFBC}") = "Kolobok.Core", "Sources\Kolobok.Core\Kolobok.Core.csproj", "{ECC82973-7E15-4B24-85C8-A1508BE2AAFA}"
EndProject
Project("{2150E333-8FDC-42A3-9474-1A3956D46DE8}") = ".nuget", ".nuget", "{57FE23D3-4DAB-4D3B-8648-7FC132E197A2}"
	ProjectSection(SolutionItems) = preProject
		.nuget\packages.config = .nuget\packages.config
	EndProjectSection
EndProject
Project("{FAE04EC0-301F-11D3-BF4B-00C04F79EFBC}") = "Kolobok.Tests", "Sources\Kolobok.Tests\Kolobok.Tests.csproj", "{19EB97EB-D5E8-4C4F-99A4-5B454F7DAEA0}"
EndProject
Global
	GlobalSection(SolutionConfigurationPlatforms) = preSolution
		Debug|Any CPU = Debug|Any CPU
		Release|Any CPU = Release|Any CPU
	EndGlobalSection
	GlobalSection(ProjectConfigurationPlatforms) = postSolution
		{ECC82973-7E15-4B24-85C8-A1508BE2AAFA}.Debug|Any CPU.ActiveCfg = Debug|Any CPU
		{ECC82973-7E15-4B24-85C8-A1508BE2AAFA}.Debug|Any CPU.Build.0 = Debug|Any CPU
		{ECC82973-7E15-4B24-85C8-A1508BE2AAFA}.Release|Any CPU.ActiveCfg = Release|Any CPU
		{ECC82973-7E15-4B24-85C8-A1508BE2AAFA}.Release|Any CPU.Build.0 = Release|Any CPU
		{19EB97EB-D5E8-4C4F-99A4-5B454F7DAEA0}.Debug|Any CPU.ActiveCfg = Debug|Any CPU
		{19EB97EB-D5E8-4C4F-99A4-5B454F7DAEA0}.Debug|Any CPU.Build.0 = Debug|Any CPU
		{19EB97EB-D5E8-4C4F-99A4-5B454F7DAEA0}.Release|Any CPU.ActiveCfg = Release|Any CPU
		{19EB97EB-D5E8-4C4F-99A4-5B454F7DAEA0}.Release|Any CPU.Build.0 = Release|Any CPU
	EndGlobalSection
	GlobalSection(SolutionProperties) = preSolution
		HideSolutionNode = FALSE
	EndGlobalSection
EndGlobal
